
Microsoft Visual Studio Solution File, Format Version 12.00
# Visual Studio Version 17
VisualStudioVersion = 17.11.35222.181
MinimumVisualStudioVersion = 10.0.40219.1
Project("{FAE04EC0-301F-11D3-BF4B-00C04F79EFBC}") = "ProyectoLuisOrellana.Aplication", "ProyectoLuisOrellana.Aplication.csproj", "{5BCA3912-B0BE-4FC9-9395-A42A72F0CD90}"
EndProject
Global
	GlobalSection(SolutionConfigurationPlatforms) = preSolution
		Debug|Any CPU = Debug|Any CPU
		Release|Any CPU = Release|Any CPU
	EndGlobalSection
	GlobalSection(ProjectConfigurationPlatforms) = postSolution
		{5BCA3912-B0BE-4FC9-9395-A42A72F0CD90}.Debug|Any CPU.ActiveCfg = Debug|Any CPU
		{5BCA3912-B0BE-4FC9-9395-A42A72F0CD90}.Debug|Any CPU.Build.0 = Debug|Any CPU
		{5BCA3912-B0BE-4FC9-9395-A42A72F0CD90}.Release|Any CPU.ActiveCfg = Release|Any CPU
		{5BCA3912-B0BE-4FC9-9395-A42A72F0CD90}.Release|Any CPU.Build.0 = Release|Any CPU
	EndGlobalSection
	GlobalSection(SolutionProperties) = preSolution
		HideSolutionNode = FALSE
	EndGlobalSection
	GlobalSection(ExtensibilityGlobals) = postSolution
		SolutionGuid = {C70636F6-6C7A-4B19-A943-9C7A915BAD4C}
	EndGlobalSection
EndGlobal
