
Microsoft Visual Studio Solution File, Format Version 12.00
# Visual Studio Version 17
VisualStudioVersion = 17.11.35222.181
MinimumVisualStudioVersion = 10.0.40219.1
Project("{9A19103F-16F7-4668-BE54-9A1E7A4F7556}") = "ProyectoLuisOrellana.Domain", "..\ProyectoLuisOrellana.Domain\ProyectoLuisOrellana.Domain.csproj", "{49A034FC-5AFD-4427-91D9-5DFF217C886F}"
EndProject
Project("{9A19103F-16F7-4668-BE54-9A1E7A4F7556}") = "ProyectoLuisOrellana.Infrastructure", "..\ProyectoLuisOrellana.Infrastructure\ProyectoLuisOrellana.Infrastructure.csproj", "{72F4293E-C811-4A27-A1FB-303AEB8372E9}"
EndProject
Project("{9A19103F-16F7-4668-BE54-9A1E7A4F7556}") = "ProyectoLuisOrellana.Aplication", "..\ProyectoLuisOrellana.Aplication\ProyectoLuisOrellana.Aplication.csproj", "{BC910D22-3CD1-471F-AB7C-0ED5D88D4479}"
EndProject
Project("{9A19103F-16F7-4668-BE54-9A1E7A4F7556}") = "ProyectoLuisOrellana.Api", "..\ProyectoLuisOrellana.Api\ProyectoLuisOrellana.Api.csproj", "{EF293AA0-BCAC-4E5F-960A-A79DB0443B8D}"
EndProject
Project("{FAE04EC0-301F-11D3-BF4B-00C04F79EFBC}") = "ProyectoLuisOrellana.Base.Api", "..\ProyectoLuisOrellana.Base.Api\ProyectoLuisOrellana.Base.Api.csproj", "{249BA966-D3CD-43B5-B84D-6C43BEC6F0F8}"
EndProject
Global
	GlobalSection(SolutionConfigurationPlatforms) = preSolution
		Debug|Any CPU = Debug|Any CPU
		Release|Any CPU = Release|Any CPU
	EndGlobalSection
	GlobalSection(ProjectConfigurationPlatforms) = postSolution
		{49A034FC-5AFD-4427-91D9-5DFF217C886F}.Debug|Any CPU.ActiveCfg = Debug|Any CPU
		{49A034FC-5AFD-4427-91D9-5DFF217C886F}.Debug|Any CPU.Build.0 = Debug|Any CPU
		{49A034FC-5AFD-4427-91D9-5DFF217C886F}.Release|Any CPU.ActiveCfg = Release|Any CPU
		{49A034FC-5AFD-4427-91D9-5DFF217C886F}.Release|Any CPU.Build.0 = Release|Any CPU
		{72F4293E-C811-4A27-A1FB-303AEB8372E9}.Debug|Any CPU.ActiveCfg = Debug|Any CPU
		{72F4293E-C811-4A27-A1FB-303AEB8372E9}.Debug|Any CPU.Build.0 = Debug|Any CPU
		{72F4293E-C811-4A27-A1FB-303AEB8372E9}.Release|Any CPU.ActiveCfg = Release|Any CPU
		{72F4293E-C811-4A27-A1FB-303AEB8372E9}.Release|Any CPU.Build.0 = Release|Any CPU
		{BC910D22-3CD1-471F-AB7C-0ED5D88D4479}.Debug|Any CPU.ActiveCfg = Debug|Any CPU
		{BC910D22-3CD1-471F-AB7C-0ED5D88D4479}.Debug|Any CPU.Build.0 = Debug|Any CPU
		{BC910D22-3CD1-471F-AB7C-0ED5D88D4479}.Release|Any CPU.ActiveCfg = Release|Any CPU
		{BC910D22-3CD1-471F-AB7C-0ED5D88D4479}.Release|Any CPU.Build.0 = Release|Any CPU
		{EF293AA0-BCAC-4E5F-960A-A79DB0443B8D}.Debug|Any CPU.ActiveCfg = Debug|Any CPU
		{EF293AA0-BCAC-4E5F-960A-A79DB0443B8D}.Debug|Any CPU.Build.0 = Debug|Any CPU
		{EF293AA0-BCAC-4E5F-960A-A79DB0443B8D}.Release|Any CPU.ActiveCfg = Release|Any CPU
		{EF293AA0-BCAC-4E5F-960A-A79DB0443B8D}.Release|Any CPU.Build.0 = Release|Any CPU
		{249BA966-D3CD-43B5-B84D-6C43BEC6F0F8}.Debug|Any CPU.ActiveCfg = Debug|Any CPU
		{249BA966-D3CD-43B5-B84D-6C43BEC6F0F8}.Debug|Any CPU.Build.0 = Debug|Any CPU
		{249BA966-D3CD-43B5-B84D-6C43BEC6F0F8}.Release|Any CPU.ActiveCfg = Release|Any CPU
		{249BA966-D3CD-43B5-B84D-6C43BEC6F0F8}.Release|Any CPU.Build.0 = Release|Any CPU
	EndGlobalSection
	GlobalSection(SolutionProperties) = preSolution
		HideSolutionNode = FALSE
	EndGlobalSection
	GlobalSection(ExtensibilityGlobals) = postSolution
		SolutionGuid = {56163886-7BA5-42E5-87E1-55603BBF09D5}
	EndGlobalSection
EndGlobal
